// !$*UTF8*$!
{
	archiveVersion = 1;
	classes = {
	};
	objectVersion = 46;
	objects = {

/* Begin PBXBuildFile section */
		700BE2101763CD79004E12B2 /* simple.json in Resources */ = {isa = PBXBuildFile; fileRef = 700BE20B1763CD79004E12B2 /* simple.json */; };
		700BE2111763CD79004E12B2 /* simple_nested.json in Resources */ = {isa = PBXBuildFile; fileRef = 700BE20C1763CD79004E12B2 /* simple_nested.json */; };
		700BE2121763CD79004E12B2 /* simple_array.json in Resources */ = {isa = PBXBuildFile; fileRef = 700BE20D1763CD79004E12B2 /* simple_array.json */; };
		700BE2131763CD79004E12B2 /* array_nested.json in Resources */ = {isa = PBXBuildFile; fileRef = 700BE20E1763CD79004E12B2 /* array_nested.json */; };
		700BE2141763CD79004E12B2 /* bad.json in Resources */ = {isa = PBXBuildFile; fileRef = 700BE20F1763CD79004E12B2 /* bad.json */; };
		700BE2161763CDC0004E12B2 /* README.md in Resources */ = {isa = PBXBuildFile; fileRef = 700BE2151763CDC0004E12B2 /* README.md */; };
		7027EE291776440E00B1E1BB /* BNFState.h in Headers */ = {isa = PBXBuildFile; fileRef = 7027EE271776440E00B1E1BB /* BNFState.h */; };
		7027EE2A1776440E00B1E1BB /* BNFState.m in Sources */ = {isa = PBXBuildFile; fileRef = 7027EE281776440E00B1E1BB /* BNFState.m */; };
		7027EE2D1776498400B1E1BB /* BNFStateTerminal.h in Headers */ = {isa = PBXBuildFile; fileRef = 7027EE2B1776498400B1E1BB /* BNFStateTerminal.h */; };
		7027EE2E1776498400B1E1BB /* BNFStateTerminal.m in Sources */ = {isa = PBXBuildFile; fileRef = 7027EE2C1776498400B1E1BB /* BNFStateTerminal.m */; };
		7027EE3117764A3B00B1E1BB /* BNFStateEmpty.h in Headers */ = {isa = PBXBuildFile; fileRef = 7027EE2F17764A3B00B1E1BB /* BNFStateEmpty.h */; };
		7027EE3217764A3B00B1E1BB /* BNFStateEmpty.m in Sources */ = {isa = PBXBuildFile; fileRef = 7027EE3017764A3B00B1E1BB /* BNFStateEmpty.m */; };
		7027EE3517764A6400B1E1BB /* BNFStateEnd.h in Headers */ = {isa = PBXBuildFile; fileRef = 7027EE3317764A6400B1E1BB /* BNFStateEnd.h */; };
		7027EE3617764A6400B1E1BB /* BNFStateEnd.m in Sources */ = {isa = PBXBuildFile; fileRef = 7027EE3417764A6400B1E1BB /* BNFStateEnd.m */; };
		7027EE3917764AAE00B1E1BB /* BNFStateNumber.h in Headers */ = {isa = PBXBuildFile; fileRef = 7027EE3717764AAD00B1E1BB /* BNFStateNumber.h */; };
		7027EE3A17764AAE00B1E1BB /* BNFStateNumber.m in Sources */ = {isa = PBXBuildFile; fileRef = 7027EE3817764AAE00B1E1BB /* BNFStateNumber.m */; };
		7027EE3F17765B2100B1E1BB /* BNFStateNumberTests.m in Sources */ = {isa = PBXBuildFile; fileRef = 7027EE3E17765B2100B1E1BB /* BNFStateNumberTests.m */; };
		7027EE4217765D0D00B1E1BB /* BNFStateQuotedString.h in Headers */ = {isa = PBXBuildFile; fileRef = 7027EE4017765D0C00B1E1BB /* BNFStateQuotedString.h */; };
		7027EE4317765D0D00B1E1BB /* BNFStateQuotedString.m in Sources */ = {isa = PBXBuildFile; fileRef = 7027EE4117765D0D00B1E1BB /* BNFStateQuotedString.m */; };
		702C9449177729330013C655 /* BNFParser.h in Headers */ = {isa = PBXBuildFile; fileRef = 702C9447177729330013C655 /* BNFParser.h */; };
		702C944A177729330013C655 /* BNFParser.m in Sources */ = {isa = PBXBuildFile; fileRef = 702C9448177729330013C655 /* BNFParser.m */; };
		702C944D1777297A0013C655 /* BNFParseResult.h in Headers */ = {isa = PBXBuildFile; fileRef = 702C944B1777297A0013C655 /* BNFParseResult.h */; };
		702C944E1777297A0013C655 /* BNFParseResult.m in Sources */ = {isa = PBXBuildFile; fileRef = 702C944C1777297A0013C655 /* BNFParseResult.m */; };
		702C945117772ACD0013C655 /* BNFStack.h in Headers */ = {isa = PBXBuildFile; fileRef = 702C944F17772ACD0013C655 /* BNFStack.h */; };
		702C945217772ACD0013C655 /* BNFStack.m in Sources */ = {isa = PBXBuildFile; fileRef = 702C945017772ACD0013C655 /* BNFStack.m */; };
		702C945617772D7F0013C655 /* BNFPathState.h in Headers */ = {isa = PBXBuildFile; fileRef = 702C945417772D7F0013C655 /* BNFPathState.h */; };
		702C945717772D7F0013C655 /* BNFPathState.m in Sources */ = {isa = PBXBuildFile; fileRef = 702C945517772D7F0013C655 /* BNFPathState.m */; };
		702C945A17772D9A0013C655 /* BNFPath.h in Headers */ = {isa = PBXBuildFile; fileRef = 702C945817772D9A0013C655 /* BNFPath.h */; };
		702C945B17772D9A0013C655 /* BNFPath.m in Sources */ = {isa = PBXBuildFile; fileRef = 702C945917772D9A0013C655 /* BNFPath.m */; };
		702C945E177732910013C655 /* BNFPathStateDefinition.h in Headers */ = {isa = PBXBuildFile; fileRef = 702C945C177732910013C655 /* BNFPathStateDefinition.h */; };
		702C945F177732910013C655 /* BNFPathStateDefinition.m in Sources */ = {isa = PBXBuildFile; fileRef = 702C945D177732910013C655 /* BNFPathStateDefinition.m */; };
		702C9462177764880013C655 /* BNFStateDefinition.h in Headers */ = {isa = PBXBuildFile; fileRef = 702C9460177764880013C655 /* BNFStateDefinition.h */; };
		702C9463177764880013C655 /* BNFStateDefinition.m in Sources */ = {isa = PBXBuildFile; fileRef = 702C9461177764880013C655 /* BNFStateDefinition.m */; };
		702C94661777E4A80013C655 /* BNFParserFactory.h in Headers */ = {isa = PBXBuildFile; fileRef = 702C94641777E4A80013C655 /* BNFParserFactory.h */; };
		702C94671777E4A80013C655 /* BNFParserFactory.m in Sources */ = {isa = PBXBuildFile; fileRef = 702C94651777E4A80013C655 /* BNFParserFactory.m */; };
		702C946A1777E53B0013C655 /* BNFStateDefinitionFactory.h in Headers */ = {isa = PBXBuildFile; fileRef = 702C94681777E53A0013C655 /* BNFStateDefinitionFactory.h */; };
		702C946B1777E53B0013C655 /* BNFStateDefinitionFactory.m in Sources */ = {isa = PBXBuildFile; fileRef = 702C94691777E53A0013C655 /* BNFStateDefinitionFactory.m */; };
		707307741763CAFE00CD1205 /* libParseKit2.a in Frameworks */ = {isa = PBXBuildFile; fileRef = 707307731763CAFE00CD1205 /* libParseKit2.a */; };
		707307751763CAFE00CD1205 /* libParseKit2.a in Frameworks */ = {isa = PBXBuildFile; fileRef = 707307731763CAFE00CD1205 /* libParseKit2.a */; };
		708B56401763C76500A4F534 /* Cocoa.framework in Frameworks */ = {isa = PBXBuildFile; fileRef = 708B563F1763C76500A4F534 /* Cocoa.framework */; };
		708B564A1763C76500A4F534 /* InfoPlist.strings in Resources */ = {isa = PBXBuildFile; fileRef = 708B56481763C76500A4F534 /* InfoPlist.strings */; };
		708B56561763C76500A4F534 /* SenTestingKit.framework in Frameworks */ = {isa = PBXBuildFile; fileRef = 708B56551763C76500A4F534 /* SenTestingKit.framework */; };
		708B56571763C76500A4F534 /* Cocoa.framework in Frameworks */ = {isa = PBXBuildFile; fileRef = 708B563F1763C76500A4F534 /* Cocoa.framework */; };
		708B565A1763C76500A4F534 /* BNFParser.framework in Frameworks */ = {isa = PBXBuildFile; fileRef = 708B563C1763C76500A4F534 /* BNFParser.framework */; };
		708B56601763C76500A4F534 /* InfoPlist.strings in Resources */ = {isa = PBXBuildFile; fileRef = 708B565E1763C76500A4F534 /* InfoPlist.strings */; };
		708B97581779462D00B9B9AE /* PropertyParser.h in Headers */ = {isa = PBXBuildFile; fileRef = 708B97561779462D00B9B9AE /* PropertyParser.h */; };
		708B97591779462D00B9B9AE /* PropertyParser.m in Sources */ = {isa = PBXBuildFile; fileRef = 708B97571779462D00B9B9AE /* PropertyParser.m */; };
		708B975C1779468B00B9B9AE /* BNFFastForward.h in Headers */ = {isa = PBXBuildFile; fileRef = 708B975A1779468B00B9B9AE /* BNFFastForward.h */; };
		708B975D1779468B00B9B9AE /* BNFFastForward.m in Sources */ = {isa = PBXBuildFile; fileRef = 708B975B1779468B00B9B9AE /* BNFFastForward.m */; };
		708B9760177947C500B9B9AE /* BNFTokenizerParams.h in Headers */ = {isa = PBXBuildFile; fileRef = 708B975E177947C500B9B9AE /* BNFTokenizerParams.h */; };
		708B9761177947C500B9B9AE /* BNFTokenizerParams.m in Sources */ = {isa = PBXBuildFile; fileRef = 708B975F177947C500B9B9AE /* BNFTokenizerParams.m */; };
		70C67ED7176AC86A00AD6B99 /* group-members.json in Resources */ = {isa = PBXBuildFile; fileRef = 70C67ED6176AC86A00AD6B99 /* group-members.json */; };
		70D9BF23177BD290005DBC5E /* BNFTokenizerFactoryTests.m in Sources */ = {isa = PBXBuildFile; fileRef = 70D9BF22177BD290005DBC5E /* BNFTokenizerFactoryTests.m */; };
		70D9BF25177BDB6B005DBC5E /* json.bnf in Resources */ = {isa = PBXBuildFile; fileRef = 70D9BF24177BDB6B005DBC5E /* json.bnf */; };
		70E4BE081763C84F00AEAD11 /* json.bnf in Resources */ = {isa = PBXBuildFile; fileRef = 70E4BE071763C84F00AEAD11 /* json.bnf */; };
		70E4BE101763C86200AEAD11 /* BNFTokenizerFactory.h in Headers */ = {isa = PBXBuildFile; fileRef = 70E4BE0A1763C86200AEAD11 /* BNFTokenizerFactory.h */; };
		70E4BE111763C86200AEAD11 /* BNFTokenizerFactory.m in Sources */ = {isa = PBXBuildFile; fileRef = 70E4BE0B1763C86200AEAD11 /* BNFTokenizerFactory.m */; };
		70E4BE141763C86200AEAD11 /* BNFToken.h in Headers */ = {isa = PBXBuildFile; fileRef = 70E4BE0E1763C86200AEAD11 /* BNFToken.h */; };
		70E4BE151763C86200AEAD11 /* BNFToken.m in Sources */ = {isa = PBXBuildFile; fileRef = 70E4BE0F1763C86200AEAD11 /* BNFToken.m */; };
		70E4BE1D1763C87200AEAD11 /* BNFTreeFactory.h in Headers */ = {isa = PBXBuildFile; fileRef = 70E4BE171763C87200AEAD11 /* BNFTreeFactory.h */; };
		70E4BE1E1763C87200AEAD11 /* BNFTreeFactory.m in Sources */ = {isa = PBXBuildFile; fileRef = 70E4BE181763C87200AEAD11 /* BNFTreeFactory.m */; };
		70E4BE1F1763C87200AEAD11 /* BNFTreeNode.h in Headers */ = {isa = PBXBuildFile; fileRef = 70E4BE191763C87200AEAD11 /* BNFTreeNode.h */; };
		70E4BE201763C87200AEAD11 /* BNFTreeNode.m in Sources */ = {isa = PBXBuildFile; fileRef = 70E4BE1A1763C87200AEAD11 /* BNFTreeNode.m */; };
		70E4BE211763C87200AEAD11 /* BNFTree.h in Headers */ = {isa = PBXBuildFile; fileRef = 70E4BE1B1763C87200AEAD11 /* BNFTree.h */; };
		70E4BE221763C87200AEAD11 /* BNFTree.m in Sources */ = {isa = PBXBuildFile; fileRef = 70E4BE1C1763C87200AEAD11 /* BNFTree.m */; };
		70E4BE261763C88100AEAD11 /* Stack.h in Headers */ = {isa = PBXBuildFile; fileRef = 70E4BE241763C88100AEAD11 /* Stack.h */; };
		70E4BE271763C88100AEAD11 /* Stack.m in Sources */ = {isa = PBXBuildFile; fileRef = 70E4BE251763C88100AEAD11 /* Stack.m */; };
		70E4BE301763C8C000AEAD11 /* BNFTreeFactoryTests.m in Sources */ = {isa = PBXBuildFile; fileRef = 70E4BE2D1763C8C000AEAD11 /* BNFTreeFactoryTests.m */; };
		70E4BE311763C90F00AEAD11 /* libPods.a in Frameworks */ = {isa = PBXBuildFile; fileRef = 67CA945E981C4822B65EBDEE /* libPods.a */; };
		8A8C319571144272925ADDCA /* libPods.a in Frameworks */ = {isa = PBXBuildFile; fileRef = 67CA945E981C4822B65EBDEE /* libPods.a */; };
/* End PBXBuildFile section */

/* Begin PBXContainerItemProxy section */
		708B56581763C76500A4F534 /* PBXContainerItemProxy */ = {
			isa = PBXContainerItemProxy;
			containerPortal = 708B56331763C76500A4F534 /* Project object */;
			proxyType = 1;
			remoteGlobalIDString = 708B563B1763C76500A4F534;
			remoteInfo = BNFParser;
		};
/* End PBXContainerItemProxy section */

/* Begin PBXFileReference section */
		1A0FA667C1CE4DAC8A153557 /* Pods.xcconfig */ = {isa = PBXFileReference; includeInIndex = 1; lastKnownFileType = text.xcconfig; name = Pods.xcconfig; path = Pods/Pods.xcconfig; sourceTree = SOURCE_ROOT; };
		67CA945E981C4822B65EBDEE /* libPods.a */ = {isa = PBXFileReference; explicitFileType = archive.ar; includeInIndex = 0; path = libPods.a; sourceTree = BUILT_PRODUCTS_DIR; };
		700BE20B1763CD79004E12B2 /* simple.json */ = {isa = PBXFileReference; fileEncoding = 4; lastKnownFileType = text.json; path = simple.json; sourceTree = "<group>"; };
		700BE20C1763CD79004E12B2 /* simple_nested.json */ = {isa = PBXFileReference; fileEncoding = 4; lastKnownFileType = text.json; path = simple_nested.json; sourceTree = "<group>"; };
		700BE20D1763CD79004E12B2 /* simple_array.json */ = {isa = PBXFileReference; fileEncoding = 4; lastKnownFileType = text.json; path = simple_array.json; sourceTree = "<group>"; };
		700BE20E1763CD79004E12B2 /* array_nested.json */ = {isa = PBXFileReference; fileEncoding = 4; lastKnownFileType = text.json; path = array_nested.json; sourceTree = "<group>"; };
		700BE20F1763CD79004E12B2 /* bad.json */ = {isa = PBXFileReference; fileEncoding = 4; lastKnownFileType = text.json; path = bad.json; sourceTree = "<group>"; };
		700BE2151763CDC0004E12B2 /* README.md */ = {isa = PBXFileReference; fileEncoding = 4; lastKnownFileType = text; path = README.md; sourceTree = "<group>"; };
		7027EE271776440E00B1E1BB /* BNFState.h */ = {isa = PBXFileReference; fileEncoding = 4; lastKnownFileType = sourcecode.c.h; path = BNFState.h; sourceTree = "<group>"; };
		7027EE281776440E00B1E1BB /* BNFState.m */ = {isa = PBXFileReference; fileEncoding = 4; lastKnownFileType = sourcecode.c.objc; path = BNFState.m; sourceTree = "<group>"; };
		7027EE2B1776498400B1E1BB /* BNFStateTerminal.h */ = {isa = PBXFileReference; fileEncoding = 4; lastKnownFileType = sourcecode.c.h; path = BNFStateTerminal.h; sourceTree = "<group>"; };
		7027EE2C1776498400B1E1BB /* BNFStateTerminal.m */ = {isa = PBXFileReference; fileEncoding = 4; lastKnownFileType = sourcecode.c.objc; path = BNFStateTerminal.m; sourceTree = "<group>"; };
		7027EE2F17764A3B00B1E1BB /* BNFStateEmpty.h */ = {isa = PBXFileReference; fileEncoding = 4; lastKnownFileType = sourcecode.c.h; path = BNFStateEmpty.h; sourceTree = "<group>"; };
		7027EE3017764A3B00B1E1BB /* BNFStateEmpty.m */ = {isa = PBXFileReference; fileEncoding = 4; lastKnownFileType = sourcecode.c.objc; path = BNFStateEmpty.m; sourceTree = "<group>"; };
		7027EE3317764A6400B1E1BB /* BNFStateEnd.h */ = {isa = PBXFileReference; fileEncoding = 4; lastKnownFileType = sourcecode.c.h; path = BNFStateEnd.h; sourceTree = "<group>"; };
		7027EE3417764A6400B1E1BB /* BNFStateEnd.m */ = {isa = PBXFileReference; fileEncoding = 4; lastKnownFileType = sourcecode.c.objc; path = BNFStateEnd.m; sourceTree = "<group>"; };
		7027EE3717764AAD00B1E1BB /* BNFStateNumber.h */ = {isa = PBXFileReference; fileEncoding = 4; lastKnownFileType = sourcecode.c.h; path = BNFStateNumber.h; sourceTree = "<group>"; };
		7027EE3817764AAE00B1E1BB /* BNFStateNumber.m */ = {isa = PBXFileReference; fileEncoding = 4; lastKnownFileType = sourcecode.c.objc; path = BNFStateNumber.m; sourceTree = "<group>"; };
		7027EE3D17765B2100B1E1BB /* BNFStateNumberTests.h */ = {isa = PBXFileReference; fileEncoding = 4; lastKnownFileType = sourcecode.c.h; path = BNFStateNumberTests.h; sourceTree = "<group>"; };
		7027EE3E17765B2100B1E1BB /* BNFStateNumberTests.m */ = {isa = PBXFileReference; fileEncoding = 4; lastKnownFileType = sourcecode.c.objc; path = BNFStateNumberTests.m; sourceTree = "<group>"; };
		7027EE4017765D0C00B1E1BB /* BNFStateQuotedString.h */ = {isa = PBXFileReference; fileEncoding = 4; lastKnownFileType = sourcecode.c.h; path = BNFStateQuotedString.h; sourceTree = "<group>"; };
		7027EE4117765D0D00B1E1BB /* BNFStateQuotedString.m */ = {isa = PBXFileReference; fileEncoding = 4; lastKnownFileType = sourcecode.c.objc; path = BNFStateQuotedString.m; sourceTree = "<group>"; };
		702C9447177729330013C655 /* BNFParser.h */ = {isa = PBXFileReference; fileEncoding = 4; lastKnownFileType = sourcecode.c.h; path = BNFParser.h; sourceTree = "<group>"; };
		702C9448177729330013C655 /* BNFParser.m */ = {isa = PBXFileReference; fileEncoding = 4; lastKnownFileType = sourcecode.c.objc; path = BNFParser.m; sourceTree = "<group>"; };
		702C944B1777297A0013C655 /* BNFParseResult.h */ = {isa = PBXFileReference; fileEncoding = 4; lastKnownFileType = sourcecode.c.h; path = BNFParseResult.h; sourceTree = "<group>"; };
		702C944C1777297A0013C655 /* BNFParseResult.m */ = {isa = PBXFileReference; fileEncoding = 4; lastKnownFileType = sourcecode.c.objc; path = BNFParseResult.m; sourceTree = "<group>"; };
		702C944F17772ACD0013C655 /* BNFStack.h */ = {isa = PBXFileReference; fileEncoding = 4; lastKnownFileType = sourcecode.c.h; path = BNFStack.h; sourceTree = "<group>"; };
		702C945017772ACD0013C655 /* BNFStack.m */ = {isa = PBXFileReference; fileEncoding = 4; lastKnownFileType = sourcecode.c.objc; path = BNFStack.m; sourceTree = "<group>"; };
		702C945417772D7F0013C655 /* BNFPathState.h */ = {isa = PBXFileReference; fileEncoding = 4; lastKnownFileType = sourcecode.c.h; path = BNFPathState.h; sourceTree = "<group>"; };
		702C945517772D7F0013C655 /* BNFPathState.m */ = {isa = PBXFileReference; fileEncoding = 4; lastKnownFileType = sourcecode.c.objc; path = BNFPathState.m; sourceTree = "<group>"; };
		702C945817772D9A0013C655 /* BNFPath.h */ = {isa = PBXFileReference; fileEncoding = 4; lastKnownFileType = sourcecode.c.h; path = BNFPath.h; sourceTree = "<group>"; };
		702C945917772D9A0013C655 /* BNFPath.m */ = {isa = PBXFileReference; fileEncoding = 4; lastKnownFileType = sourcecode.c.objc; path = BNFPath.m; sourceTree = "<group>"; };
		702C945C177732910013C655 /* BNFPathStateDefinition.h */ = {isa = PBXFileReference; fileEncoding = 4; lastKnownFileType = sourcecode.c.h; path = BNFPathStateDefinition.h; sourceTree = "<group>"; };
		702C945D177732910013C655 /* BNFPathStateDefinition.m */ = {isa = PBXFileReference; fileEncoding = 4; lastKnownFileType = sourcecode.c.objc; path = BNFPathStateDefinition.m; sourceTree = "<group>"; };
		702C9460177764880013C655 /* BNFStateDefinition.h */ = {isa = PBXFileReference; fileEncoding = 4; lastKnownFileType = sourcecode.c.h; path = BNFStateDefinition.h; sourceTree = "<group>"; };
		702C9461177764880013C655 /* BNFStateDefinition.m */ = {isa = PBXFileReference; fileEncoding = 4; lastKnownFileType = sourcecode.c.objc; path = BNFStateDefinition.m; sourceTree = "<group>"; };
		702C94641777E4A80013C655 /* BNFParserFactory.h */ = {isa = PBXFileReference; fileEncoding = 4; lastKnownFileType = sourcecode.c.h; path = BNFParserFactory.h; sourceTree = "<group>"; };
		702C94651777E4A80013C655 /* BNFParserFactory.m */ = {isa = PBXFileReference; fileEncoding = 4; lastKnownFileType = sourcecode.c.objc; path = BNFParserFactory.m; sourceTree = "<group>"; };
		702C94681777E53A0013C655 /* BNFStateDefinitionFactory.h */ = {isa = PBXFileReference; fileEncoding = 4; lastKnownFileType = sourcecode.c.h; path = BNFStateDefinitionFactory.h; sourceTree = "<group>"; };
		702C94691777E53A0013C655 /* BNFStateDefinitionFactory.m */ = {isa = PBXFileReference; fileEncoding = 4; lastKnownFileType = sourcecode.c.objc; path = BNFStateDefinitionFactory.m; sourceTree = "<group>"; };
		707307731763CAFE00CD1205 /* libParseKit2.a */ = {isa = PBXFileReference; lastKnownFileType = archive.ar; path = libParseKit2.a; sourceTree = "<group>"; };
		708B563C1763C76500A4F534 /* BNFParser.framework */ = {isa = PBXFileReference; explicitFileType = wrapper.framework; includeInIndex = 0; path = BNFParser.framework; sourceTree = BUILT_PRODUCTS_DIR; };
		708B563F1763C76500A4F534 /* Cocoa.framework */ = {isa = PBXFileReference; lastKnownFileType = wrapper.framework; name = Cocoa.framework; path = System/Library/Frameworks/Cocoa.framework; sourceTree = SDKROOT; };
		708B56421763C76500A4F534 /* AppKit.framework */ = {isa = PBXFileReference; lastKnownFileType = wrapper.framework; name = AppKit.framework; path = System/Library/Frameworks/AppKit.framework; sourceTree = SDKROOT; };
		708B56431763C76500A4F534 /* CoreData.framework */ = {isa = PBXFileReference; lastKnownFileType = wrapper.framework; name = CoreData.framework; path = System/Library/Frameworks/CoreData.framework; sourceTree = SDKROOT; };
		708B56441763C76500A4F534 /* Foundation.framework */ = {isa = PBXFileReference; lastKnownFileType = wrapper.framework; name = Foundation.framework; path = System/Library/Frameworks/Foundation.framework; sourceTree = SDKROOT; };
		708B56471763C76500A4F534 /* BNFParser-Info.plist */ = {isa = PBXFileReference; lastKnownFileType = text.plist.xml; path = "BNFParser-Info.plist"; sourceTree = "<group>"; };
		708B56491763C76500A4F534 /* en */ = {isa = PBXFileReference; lastKnownFileType = text.plist.strings; name = en; path = en.lproj/InfoPlist.strings; sourceTree = "<group>"; };
		708B564B1763C76500A4F534 /* BNFParser-Prefix.pch */ = {isa = PBXFileReference; lastKnownFileType = sourcecode.c.h; path = "BNFParser-Prefix.pch"; sourceTree = "<group>"; };
		708B56541763C76500A4F534 /* BNFParserTests.octest */ = {isa = PBXFileReference; explicitFileType = wrapper.cfbundle; includeInIndex = 0; path = BNFParserTests.octest; sourceTree = BUILT_PRODUCTS_DIR; };
		708B56551763C76500A4F534 /* SenTestingKit.framework */ = {isa = PBXFileReference; lastKnownFileType = wrapper.framework; name = SenTestingKit.framework; path = Library/Frameworks/SenTestingKit.framework; sourceTree = DEVELOPER_DIR; };
		708B565D1763C76500A4F534 /* BNFParserTests-Info.plist */ = {isa = PBXFileReference; lastKnownFileType = text.plist.xml; path = "BNFParserTests-Info.plist"; sourceTree = "<group>"; };
		708B565F1763C76500A4F534 /* en */ = {isa = PBXFileReference; lastKnownFileType = text.plist.strings; name = en; path = en.lproj/InfoPlist.strings; sourceTree = "<group>"; };
		708B97561779462D00B9B9AE /* PropertyParser.h */ = {isa = PBXFileReference; fileEncoding = 4; lastKnownFileType = sourcecode.c.h; path = PropertyParser.h; sourceTree = "<group>"; };
		708B97571779462D00B9B9AE /* PropertyParser.m */ = {isa = PBXFileReference; fileEncoding = 4; lastKnownFileType = sourcecode.c.objc; path = PropertyParser.m; sourceTree = "<group>"; };
		708B975A1779468B00B9B9AE /* BNFFastForward.h */ = {isa = PBXFileReference; fileEncoding = 4; lastKnownFileType = sourcecode.c.h; path = BNFFastForward.h; sourceTree = "<group>"; };
		708B975B1779468B00B9B9AE /* BNFFastForward.m */ = {isa = PBXFileReference; fileEncoding = 4; lastKnownFileType = sourcecode.c.objc; path = BNFFastForward.m; sourceTree = "<group>"; };
		708B975E177947C500B9B9AE /* BNFTokenizerParams.h */ = {isa = PBXFileReference; fileEncoding = 4; lastKnownFileType = sourcecode.c.h; path = BNFTokenizerParams.h; sourceTree = "<group>"; };
		708B975F177947C500B9B9AE /* BNFTokenizerParams.m */ = {isa = PBXFileReference; fileEncoding = 4; lastKnownFileType = sourcecode.c.objc; path = BNFTokenizerParams.m; sourceTree = "<group>"; };
		70C67ED6176AC86A00AD6B99 /* group-members.json */ = {isa = PBXFileReference; fileEncoding = 4; lastKnownFileType = text.json; path = "group-members.json"; sourceTree = "<group>"; };
		70D9BF21177BD290005DBC5E /* BNFTokenizerFactoryTests.h */ = {isa = PBXFileReference; fileEncoding = 4; lastKnownFileType = sourcecode.c.h; path = BNFTokenizerFactoryTests.h; sourceTree = "<group>"; };
		70D9BF22177BD290005DBC5E /* BNFTokenizerFactoryTests.m */ = {isa = PBXFileReference; fileEncoding = 4; lastKnownFileType = sourcecode.c.objc; path = BNFTokenizerFactoryTests.m; sourceTree = "<group>"; };
		70D9BF24177BDB6B005DBC5E /* json.bnf */ = {isa = PBXFileReference; fileEncoding = 4; lastKnownFileType = text; path = json.bnf; sourceTree = "<group>"; };
		70E4BE071763C84F00AEAD11 /* json.bnf */ = {isa = PBXFileReference; fileEncoding = 4; lastKnownFileType = text; path = json.bnf; sourceTree = "<group>"; };
		70E4BE0A1763C86200AEAD11 /* BNFTokenizerFactory.h */ = {isa = PBXFileReference; fileEncoding = 4; lastKnownFileType = sourcecode.c.h; path = BNFTokenizerFactory.h; sourceTree = "<group>"; };
		70E4BE0B1763C86200AEAD11 /* BNFTokenizerFactory.m */ = {isa = PBXFileReference; fileEncoding = 4; lastKnownFileType = sourcecode.c.objc; path = BNFTokenizerFactory.m; sourceTree = "<group>"; };
		70E4BE0E1763C86200AEAD11 /* BNFToken.h */ = {isa = PBXFileReference; fileEncoding = 4; lastKnownFileType = sourcecode.c.h; path = BNFToken.h; sourceTree = "<group>"; };
		70E4BE0F1763C86200AEAD11 /* BNFToken.m */ = {isa = PBXFileReference; fileEncoding = 4; lastKnownFileType = sourcecode.c.objc; path = BNFToken.m; sourceTree = "<group>"; };
		70E4BE171763C87200AEAD11 /* BNFTreeFactory.h */ = {isa = PBXFileReference; fileEncoding = 4; lastKnownFileType = sourcecode.c.h; path = BNFTreeFactory.h; sourceTree = "<group>"; };
		70E4BE181763C87200AEAD11 /* BNFTreeFactory.m */ = {isa = PBXFileReference; fileEncoding = 4; lastKnownFileType = sourcecode.c.objc; path = BNFTreeFactory.m; sourceTree = "<group>"; };
		70E4BE191763C87200AEAD11 /* BNFTreeNode.h */ = {isa = PBXFileReference; fileEncoding = 4; lastKnownFileType = sourcecode.c.h; path = BNFTreeNode.h; sourceTree = "<group>"; };
		70E4BE1A1763C87200AEAD11 /* BNFTreeNode.m */ = {isa = PBXFileReference; fileEncoding = 4; lastKnownFileType = sourcecode.c.objc; path = BNFTreeNode.m; sourceTree = "<group>"; };
		70E4BE1B1763C87200AEAD11 /* BNFTree.h */ = {isa = PBXFileReference; fileEncoding = 4; lastKnownFileType = sourcecode.c.h; path = BNFTree.h; sourceTree = "<group>"; };
		70E4BE1C1763C87200AEAD11 /* BNFTree.m */ = {isa = PBXFileReference; fileEncoding = 4; lastKnownFileType = sourcecode.c.objc; path = BNFTree.m; sourceTree = "<group>"; };
		70E4BE241763C88100AEAD11 /* Stack.h */ = {isa = PBXFileReference; fileEncoding = 4; lastKnownFileType = sourcecode.c.h; path = Stack.h; sourceTree = "<group>"; };
		70E4BE251763C88100AEAD11 /* Stack.m */ = {isa = PBXFileReference; fileEncoding = 4; lastKnownFileType = sourcecode.c.objc; path = Stack.m; sourceTree = "<group>"; };
		70E4BE2C1763C8C000AEAD11 /* BNFTreeFactoryTests.h */ = {isa = PBXFileReference; fileEncoding = 4; lastKnownFileType = sourcecode.c.h; path = BNFTreeFactoryTests.h; sourceTree = "<group>"; };
		70E4BE2D1763C8C000AEAD11 /* BNFTreeFactoryTests.m */ = {isa = PBXFileReference; fileEncoding = 4; lastKnownFileType = sourcecode.c.objc; path = BNFTreeFactoryTests.m; sourceTree = "<group>"; };
/* End PBXFileReference section */

/* Begin PBXFrameworksBuildPhase section */
		708B56381763C76500A4F534 /* Frameworks */ = {
			isa = PBXFrameworksBuildPhase;
			buildActionMask = 2147483647;
			files = (
				708B56401763C76500A4F534 /* Cocoa.framework in Frameworks */,
				8A8C319571144272925ADDCA /* libPods.a in Frameworks */,
				707307741763CAFE00CD1205 /* libParseKit2.a in Frameworks */,
			);
			runOnlyForDeploymentPostprocessing = 0;
		};
		708B56501763C76500A4F534 /* Frameworks */ = {
			isa = PBXFrameworksBuildPhase;
			buildActionMask = 2147483647;
			files = (
				70E4BE311763C90F00AEAD11 /* libPods.a in Frameworks */,
				708B56561763C76500A4F534 /* SenTestingKit.framework in Frameworks */,
				708B56571763C76500A4F534 /* Cocoa.framework in Frameworks */,
				708B565A1763C76500A4F534 /* BNFParser.framework in Frameworks */,
				707307751763CAFE00CD1205 /* libParseKit2.a in Frameworks */,
			);
			runOnlyForDeploymentPostprocessing = 0;
		};
/* End PBXFrameworksBuildPhase section */

/* Begin PBXGroup section */
		7027EE211776410A00B1E1BB /* Parser */ = {
			isa = PBXGroup;
			children = (
				702C9447177729330013C655 /* BNFParser.h */,
				702C9448177729330013C655 /* BNFParser.m */,
				702C944B1777297A0013C655 /* BNFParseResult.h */,
				702C944C1777297A0013C655 /* BNFParseResult.m */,
				702C94641777E4A80013C655 /* BNFParserFactory.h */,
				702C94651777E4A80013C655 /* BNFParserFactory.m */,
				702C945817772D9A0013C655 /* BNFPath.h */,
				702C945917772D9A0013C655 /* BNFPath.m */,
				702C945417772D7F0013C655 /* BNFPathState.h */,
				702C945517772D7F0013C655 /* BNFPathState.m */,
				702C945C177732910013C655 /* BNFPathStateDefinition.h */,
				702C945D177732910013C655 /* BNFPathStateDefinition.m */,
				702C944F17772ACD0013C655 /* BNFStack.h */,
				702C945017772ACD0013C655 /* BNFStack.m */,
				702C9460177764880013C655 /* BNFStateDefinition.h */,
				702C9461177764880013C655 /* BNFStateDefinition.m */,
				702C94681777E53A0013C655 /* BNFStateDefinitionFactory.h */,
				702C94691777E53A0013C655 /* BNFStateDefinitionFactory.m */,
				708B97561779462D00B9B9AE /* PropertyParser.h */,
				708B97571779462D00B9B9AE /* PropertyParser.m */,
				7027EE221776411600B1E1BB /* States */,
			);
			name = Parser;
			sourceTree = "<group>";
		};
		7027EE221776411600B1E1BB /* States */ = {
			isa = PBXGroup;
			children = (
				7027EE271776440E00B1E1BB /* BNFState.h */,
				7027EE281776440E00B1E1BB /* BNFState.m */,
				7027EE2B1776498400B1E1BB /* BNFStateTerminal.h */,
				7027EE2C1776498400B1E1BB /* BNFStateTerminal.m */,
				7027EE2F17764A3B00B1E1BB /* BNFStateEmpty.h */,
				7027EE3017764A3B00B1E1BB /* BNFStateEmpty.m */,
				7027EE3317764A6400B1E1BB /* BNFStateEnd.h */,
				7027EE3417764A6400B1E1BB /* BNFStateEnd.m */,
				7027EE3717764AAD00B1E1BB /* BNFStateNumber.h */,
				7027EE3817764AAE00B1E1BB /* BNFStateNumber.m */,
				7027EE4017765D0C00B1E1BB /* BNFStateQuotedString.h */,
				7027EE4117765D0D00B1E1BB /* BNFStateQuotedString.m */,
			);
			name = States;
			sourceTree = "<group>";
		};
		7027EE3B17765B0600B1E1BB /* Parser */ = {
			isa = PBXGroup;
			children = (
				7027EE3C17765B0B00B1E1BB /* States */,
				70D9BF20177BD257005DBC5E /* Tokenizer */,
			);
			name = Parser;
			sourceTree = "<group>";
		};
		7027EE3C17765B0B00B1E1BB /* States */ = {
			isa = PBXGroup;
			children = (
				7027EE3D17765B2100B1E1BB /* BNFStateNumberTests.h */,
				7027EE3E17765B2100B1E1BB /* BNFStateNumberTests.m */,
			);
			name = States;
			sourceTree = "<group>";
		};
		708B56321763C76500A4F534 = {
			isa = PBXGroup;
			children = (
				708B56451763C76500A4F534 /* BNFParser */,
				708B565B1763C76500A4F534 /* BNFParserTests */,
				708B563E1763C76500A4F534 /* Frameworks */,
				708B563D1763C76500A4F534 /* Products */,
				1A0FA667C1CE4DAC8A153557 /* Pods.xcconfig */,
			);
			sourceTree = "<group>";
		};
		708B563D1763C76500A4F534 /* Products */ = {
			isa = PBXGroup;
			children = (
				708B563C1763C76500A4F534 /* BNFParser.framework */,
				708B56541763C76500A4F534 /* BNFParserTests.octest */,
			);
			name = Products;
			sourceTree = "<group>";
		};
		708B563E1763C76500A4F534 /* Frameworks */ = {
			isa = PBXGroup;
			children = (
				708B563F1763C76500A4F534 /* Cocoa.framework */,
				708B56551763C76500A4F534 /* SenTestingKit.framework */,
				708B56411763C76500A4F534 /* Other Frameworks */,
				67CA945E981C4822B65EBDEE /* libPods.a */,
			);
			name = Frameworks;
			sourceTree = "<group>";
		};
		708B56411763C76500A4F534 /* Other Frameworks */ = {
			isa = PBXGroup;
			children = (
				708B56421763C76500A4F534 /* AppKit.framework */,
				708B56431763C76500A4F534 /* CoreData.framework */,
				708B56441763C76500A4F534 /* Foundation.framework */,
			);
			name = "Other Frameworks";
			sourceTree = "<group>";
		};
		708B56451763C76500A4F534 /* BNFParser */ = {
			isa = PBXGroup;
			children = (
				7027EE211776410A00B1E1BB /* Parser */,
				700BE2151763CDC0004E12B2 /* README.md */,
				70E4BE231763C87600AEAD11 /* Util */,
				70E4BE161763C86700AEAD11 /* BNFTree */,
				70E4BE091763C85600AEAD11 /* Tokenizer */,
				70E4BDDF1763C80500AEAD11 /* External Frameworks and Libraries */,
				708B56461763C76500A4F534 /* Supporting Files */,
			);
			path = BNFParser;
			sourceTree = "<group>";
		};
		708B56461763C76500A4F534 /* Supporting Files */ = {
			isa = PBXGroup;
			children = (
				70E4BE071763C84F00AEAD11 /* json.bnf */,
				708B56471763C76500A4F534 /* BNFParser-Info.plist */,
				708B56481763C76500A4F534 /* InfoPlist.strings */,
				708B564B1763C76500A4F534 /* BNFParser-Prefix.pch */,
			);
			name = "Supporting Files";
			sourceTree = "<group>";
		};
		708B565B1763C76500A4F534 /* BNFParserTests */ = {
			isa = PBXGroup;
			children = (
				7027EE3B17765B0600B1E1BB /* Parser */,
				70E4BE2C1763C8C000AEAD11 /* BNFTreeFactoryTests.h */,
				70E4BE2D1763C8C000AEAD11 /* BNFTreeFactoryTests.m */,
				708B565C1763C76500A4F534 /* Supporting Files */,
			);
			path = BNFParserTests;
			sourceTree = "<group>";
		};
		708B565C1763C76500A4F534 /* Supporting Files */ = {
			isa = PBXGroup;
			children = (
				700BE20B1763CD79004E12B2 /* simple.json */,
				700BE20C1763CD79004E12B2 /* simple_nested.json */,
				700BE20D1763CD79004E12B2 /* simple_array.json */,
				700BE20E1763CD79004E12B2 /* array_nested.json */,
				700BE20F1763CD79004E12B2 /* bad.json */,
				708B565D1763C76500A4F534 /* BNFParserTests-Info.plist */,
				708B565E1763C76500A4F534 /* InfoPlist.strings */,
				70C67ED6176AC86A00AD6B99 /* group-members.json */,
				70D9BF24177BDB6B005DBC5E /* json.bnf */,
			);
			name = "Supporting Files";
			sourceTree = "<group>";
		};
		70D9BF20177BD257005DBC5E /* Tokenizer */ = {
			isa = PBXGroup;
			children = (
				70D9BF21177BD290005DBC5E /* BNFTokenizerFactoryTests.h */,
				70D9BF22177BD290005DBC5E /* BNFTokenizerFactoryTests.m */,
			);
			name = Tokenizer;
			sourceTree = "<group>";
		};
		70E4BDDF1763C80500AEAD11 /* External Frameworks and Libraries */ = {
			isa = PBXGroup;
			children = (
				707307731763CAFE00CD1205 /* libParseKit2.a */,
			);
			name = "External Frameworks and Libraries";
			sourceTree = "<group>";
		};
		70E4BE091763C85600AEAD11 /* Tokenizer */ = {
			isa = PBXGroup;
			children = (
				70E4BE0A1763C86200AEAD11 /* BNFTokenizerFactory.h */,
				70E4BE0B1763C86200AEAD11 /* BNFTokenizerFactory.m */,
				70E4BE0E1763C86200AEAD11 /* BNFToken.h */,
				70E4BE0F1763C86200AEAD11 /* BNFToken.m */,
				708B975A1779468B00B9B9AE /* BNFFastForward.h */,
				708B975B1779468B00B9B9AE /* BNFFastForward.m */,
				708B975E177947C500B9B9AE /* BNFTokenizerParams.h */,
				708B975F177947C500B9B9AE /* BNFTokenizerParams.m */,
			);
			name = Tokenizer;
			sourceTree = "<group>";
		};
		70E4BE161763C86700AEAD11 /* BNFTree */ = {
			isa = PBXGroup;
			children = (
				70E4BE171763C87200AEAD11 /* BNFTreeFactory.h */,
				70E4BE181763C87200AEAD11 /* BNFTreeFactory.m */,
				70E4BE191763C87200AEAD11 /* BNFTreeNode.h */,
				70E4BE1A1763C87200AEAD11 /* BNFTreeNode.m */,
				70E4BE1B1763C87200AEAD11 /* BNFTree.h */,
				70E4BE1C1763C87200AEAD11 /* BNFTree.m */,
			);
			name = BNFTree;
			sourceTree = "<group>";
		};
		70E4BE231763C87600AEAD11 /* Util */ = {
			isa = PBXGroup;
			children = (
				70E4BE241763C88100AEAD11 /* Stack.h */,
				70E4BE251763C88100AEAD11 /* Stack.m */,
			);
			name = Util;
			sourceTree = "<group>";
		};
/* End PBXGroup section */

/* Begin PBXHeadersBuildPhase section */
		708B56391763C76500A4F534 /* Headers */ = {
			isa = PBXHeadersBuildPhase;
			buildActionMask = 2147483647;
			files = (
				70E4BE101763C86200AEAD11 /* BNFTokenizerFactory.h in Headers */,
				70E4BE141763C86200AEAD11 /* BNFToken.h in Headers */,
				70E4BE1D1763C87200AEAD11 /* BNFTreeFactory.h in Headers */,
				70E4BE1F1763C87200AEAD11 /* BNFTreeNode.h in Headers */,
				70E4BE211763C87200AEAD11 /* BNFTree.h in Headers */,
				70E4BE261763C88100AEAD11 /* Stack.h in Headers */,
				7027EE291776440E00B1E1BB /* BNFState.h in Headers */,
				7027EE2D1776498400B1E1BB /* BNFStateTerminal.h in Headers */,
				7027EE3117764A3B00B1E1BB /* BNFStateEmpty.h in Headers */,
				7027EE3517764A6400B1E1BB /* BNFStateEnd.h in Headers */,
				7027EE3917764AAE00B1E1BB /* BNFStateNumber.h in Headers */,
				7027EE4217765D0D00B1E1BB /* BNFStateQuotedString.h in Headers */,
				702C9449177729330013C655 /* BNFParser.h in Headers */,
				702C944D1777297A0013C655 /* BNFParseResult.h in Headers */,
				702C945117772ACD0013C655 /* BNFStack.h in Headers */,
				702C945617772D7F0013C655 /* BNFPathState.h in Headers */,
				702C945A17772D9A0013C655 /* BNFPath.h in Headers */,
				702C945E177732910013C655 /* BNFPathStateDefinition.h in Headers */,
				702C9462177764880013C655 /* BNFStateDefinition.h in Headers */,
				702C94661777E4A80013C655 /* BNFParserFactory.h in Headers */,
				702C946A1777E53B0013C655 /* BNFStateDefinitionFactory.h in Headers */,
				708B97581779462D00B9B9AE /* PropertyParser.h in Headers */,
				708B975C1779468B00B9B9AE /* BNFFastForward.h in Headers */,
				708B9760177947C500B9B9AE /* BNFTokenizerParams.h in Headers */,
			);
			runOnlyForDeploymentPostprocessing = 0;
		};
/* End PBXHeadersBuildPhase section */

/* Begin PBXNativeTarget section */
		708B563B1763C76500A4F534 /* BNFParser */ = {
			isa = PBXNativeTarget;
			buildConfigurationList = 708B56661763C76500A4F534 /* Build configuration list for PBXNativeTarget "BNFParser" */;
			buildPhases = (
				8791C990B02B4C069CCA46C8 /* Check Pods Manifest.lock */,
				708B56371763C76500A4F534 /* Sources */,
				708B56381763C76500A4F534 /* Frameworks */,
				708B56391763C76500A4F534 /* Headers */,
				708B563A1763C76500A4F534 /* Resources */,
				E99F3FCC2D97460BA7E6ECE2 /* Copy Pods Resources */,
			);
			buildRules = (
			);
			dependencies = (
			);
			name = BNFParser;
			productName = BNFParser;
			productReference = 708B563C1763C76500A4F534 /* BNFParser.framework */;
			productType = "com.apple.product-type.framework";
		};
		708B56531763C76500A4F534 /* BNFParserTests */ = {
			isa = PBXNativeTarget;
			buildConfigurationList = 708B56691763C76500A4F534 /* Build configuration list for PBXNativeTarget "BNFParserTests" */;
			buildPhases = (
				708B564F1763C76500A4F534 /* Sources */,
				708B56501763C76500A4F534 /* Frameworks */,
				708B56511763C76500A4F534 /* Resources */,
				708B56521763C76500A4F534 /* ShellScript */,
			);
			buildRules = (
			);
			dependencies = (
				708B56591763C76500A4F534 /* PBXTargetDependency */,
			);
			name = BNFParserTests;
			productName = BNFParserTests;
			productReference = 708B56541763C76500A4F534 /* BNFParserTests.octest */;
			productType = "com.apple.product-type.bundle";
		};
/* End PBXNativeTarget section */

/* Begin PBXProject section */
		708B56331763C76500A4F534 /* Project object */ = {
			isa = PBXProject;
			attributes = {
				LastUpgradeCheck = 0460;
				ORGANIZATIONNAME = "Mike Friesen";
			};
			buildConfigurationList = 708B56361763C76500A4F534 /* Build configuration list for PBXProject "BNFParser" */;
			compatibilityVersion = "Xcode 3.2";
			developmentRegion = English;
			hasScannedForEncodings = 0;
			knownRegions = (
				en,
			);
			mainGroup = 708B56321763C76500A4F534;
			productRefGroup = 708B563D1763C76500A4F534 /* Products */;
			projectDirPath = "";
			projectRoot = "";
			targets = (
				708B563B1763C76500A4F534 /* BNFParser */,
				708B56531763C76500A4F534 /* BNFParserTests */,
			);
		};
/* End PBXProject section */

/* Begin PBXResourcesBuildPhase section */
		708B563A1763C76500A4F534 /* Resources */ = {
			isa = PBXResourcesBuildPhase;
			buildActionMask = 2147483647;
			files = (
				708B564A1763C76500A4F534 /* InfoPlist.strings in Resources */,
				70E4BE081763C84F00AEAD11 /* json.bnf in Resources */,
				700BE2161763CDC0004E12B2 /* README.md in Resources */,
			);
			runOnlyForDeploymentPostprocessing = 0;
		};
		708B56511763C76500A4F534 /* Resources */ = {
			isa = PBXResourcesBuildPhase;
			buildActionMask = 2147483647;
			files = (
				708B56601763C76500A4F534 /* InfoPlist.strings in Resources */,
				700BE2101763CD79004E12B2 /* simple.json in Resources */,
				700BE2111763CD79004E12B2 /* simple_nested.json in Resources */,
				700BE2121763CD79004E12B2 /* simple_array.json in Resources */,
				700BE2131763CD79004E12B2 /* array_nested.json in Resources */,
				700BE2141763CD79004E12B2 /* bad.json in Resources */,
				70C67ED7176AC86A00AD6B99 /* group-members.json in Resources */,
				70D9BF25177BDB6B005DBC5E /* json.bnf in Resources */,
			);
			runOnlyForDeploymentPostprocessing = 0;
		};
/* End PBXResourcesBuildPhase section */

/* Begin PBXShellScriptBuildPhase section */
		708B56521763C76500A4F534 /* ShellScript */ = {
			isa = PBXShellScriptBuildPhase;
			buildActionMask = 2147483647;
			files = (
			);
			inputPaths = (
			);
			outputPaths = (
			);
			runOnlyForDeploymentPostprocessing = 0;
			shellPath = /bin/sh;
			shellScript = "# Run the unit tests in this test bundle.\n\"${SYSTEM_DEVELOPER_DIR}/Tools/RunUnitTests\"\n";
		};
		8791C990B02B4C069CCA46C8 /* Check Pods Manifest.lock */ = {
			isa = PBXShellScriptBuildPhase;
			buildActionMask = 2147483647;
			files = (
			);
			inputPaths = (
			);
			name = "Check Pods Manifest.lock";
			outputPaths = (
			);
			runOnlyForDeploymentPostprocessing = 0;
			shellPath = /bin/sh;
			shellScript = "diff \"${PODS_ROOT}/../Podfile.lock\" \"${PODS_ROOT}/Manifest.lock\" > /dev/null\nif [[ $? != 0 ]] ; then\n    cat << EOM\nerror: The sandbox is not in sync with the Podfile.lock. Run 'pod install' or update your CocoaPods installation.\nEOM\n    exit 1\nfi\n";
		};
		E99F3FCC2D97460BA7E6ECE2 /* Copy Pods Resources */ = {
			isa = PBXShellScriptBuildPhase;
			buildActionMask = 2147483647;
			files = (
			);
			inputPaths = (
			);
			name = "Copy Pods Resources";
			outputPaths = (
			);
			runOnlyForDeploymentPostprocessing = 0;
			shellPath = /bin/sh;
			shellScript = "\"${SRCROOT}/Pods/Pods-resources.sh\"\n";
		};
/* End PBXShellScriptBuildPhase section */

/* Begin PBXSourcesBuildPhase section */
		708B56371763C76500A4F534 /* Sources */ = {
			isa = PBXSourcesBuildPhase;
			buildActionMask = 2147483647;
			files = (
				70E4BE111763C86200AEAD11 /* BNFTokenizerFactory.m in Sources */,
				70E4BE151763C86200AEAD11 /* BNFToken.m in Sources */,
				70E4BE1E1763C87200AEAD11 /* BNFTreeFactory.m in Sources */,
				70E4BE201763C87200AEAD11 /* BNFTreeNode.m in Sources */,
				70E4BE221763C87200AEAD11 /* BNFTree.m in Sources */,
				70E4BE271763C88100AEAD11 /* Stack.m in Sources */,
				7027EE2A1776440E00B1E1BB /* BNFState.m in Sources */,
				7027EE2E1776498400B1E1BB /* BNFStateTerminal.m in Sources */,
				7027EE3217764A3B00B1E1BB /* BNFStateEmpty.m in Sources */,
				7027EE3617764A6400B1E1BB /* BNFStateEnd.m in Sources */,
				7027EE3A17764AAE00B1E1BB /* BNFStateNumber.m in Sources */,
				7027EE4317765D0D00B1E1BB /* BNFStateQuotedString.m in Sources */,
				702C944A177729330013C655 /* BNFParser.m in Sources */,
				702C944E1777297A0013C655 /* BNFParseResult.m in Sources */,
				702C945217772ACD0013C655 /* BNFStack.m in Sources */,
				702C945717772D7F0013C655 /* BNFPathState.m in Sources */,
				702C945B17772D9A0013C655 /* BNFPath.m in Sources */,
				702C945F177732910013C655 /* BNFPathStateDefinition.m in Sources */,
				702C9463177764880013C655 /* BNFStateDefinition.m in Sources */,
				702C94671777E4A80013C655 /* BNFParserFactory.m in Sources */,
				702C946B1777E53B0013C655 /* BNFStateDefinitionFactory.m in Sources */,
				708B97591779462D00B9B9AE /* PropertyParser.m in Sources */,
				708B975D1779468B00B9B9AE /* BNFFastForward.m in Sources */,
				708B9761177947C500B9B9AE /* BNFTokenizerParams.m in Sources */,
			);
			runOnlyForDeploymentPostprocessing = 0;
		};
		708B564F1763C76500A4F534 /* Sources */ = {
			isa = PBXSourcesBuildPhase;
			buildActionMask = 2147483647;
			files = (
				70E4BE301763C8C000AEAD11 /* BNFTreeFactoryTests.m in Sources */,
				7027EE3F17765B2100B1E1BB /* BNFStateNumberTests.m in Sources */,
				70D9BF23177BD290005DBC5E /* BNFTokenizerFactoryTests.m in Sources */,
			);
			runOnlyForDeploymentPostprocessing = 0;
		};
/* End PBXSourcesBuildPhase section */

/* Begin PBXTargetDependency section */
		708B56591763C76500A4F534 /* PBXTargetDependency */ = {
			isa = PBXTargetDependency;
			target = 708B563B1763C76500A4F534 /* BNFParser */;
			targetProxy = 708B56581763C76500A4F534 /* PBXContainerItemProxy */;
		};
/* End PBXTargetDependency section */

/* Begin PBXVariantGroup section */
		708B56481763C76500A4F534 /* InfoPlist.strings */ = {
			isa = PBXVariantGroup;
			children = (
				708B56491763C76500A4F534 /* en */,
			);
			name = InfoPlist.strings;
			sourceTree = "<group>";
		};
		708B565E1763C76500A4F534 /* InfoPlist.strings */ = {
			isa = PBXVariantGroup;
			children = (
				708B565F1763C76500A4F534 /* en */,
			);
			name = InfoPlist.strings;
			sourceTree = "<group>";
		};
/* End PBXVariantGroup section */

/* Begin XCBuildConfiguration section */
		708B56641763C76500A4F534 /* Debug */ = {
			isa = XCBuildConfiguration;
			buildSettings = {
				ALWAYS_SEARCH_USER_PATHS = NO;
				ARCHS = "$(ARCHS_STANDARD_64_BIT)";
				CLANG_CXX_LANGUAGE_STANDARD = "gnu++0x";
				CLANG_CXX_LIBRARY = "libc++";
				CLANG_WARN_CONSTANT_CONVERSION = YES;
				CLANG_WARN_EMPTY_BODY = YES;
				CLANG_WARN_ENUM_CONVERSION = YES;
				CLANG_WARN_INT_CONVERSION = YES;
				CLANG_WARN__DUPLICATE_METHOD_MATCH = YES;
				COPY_PHASE_STRIP = NO;
				GCC_C_LANGUAGE_STANDARD = gnu99;
				GCC_DYNAMIC_NO_PIC = NO;
				GCC_ENABLE_OBJC_EXCEPTIONS = YES;
				GCC_OPTIMIZATION_LEVEL = 0;
				GCC_PREPROCESSOR_DEFINITIONS = (
					"DEBUG=1",
					"$(inherited)",
				);
				GCC_SYMBOLS_PRIVATE_EXTERN = NO;
				GCC_WARN_64_TO_32_BIT_CONVERSION = YES;
				GCC_WARN_ABOUT_RETURN_TYPE = YES;
				GCC_WARN_UNINITIALIZED_AUTOS = YES;
				GCC_WARN_UNUSED_VARIABLE = YES;
				MACOSX_DEPLOYMENT_TARGET = 10.8;
				ONLY_ACTIVE_ARCH = YES;
				SDKROOT = macosx;
			};
			name = Debug;
		};
		708B56651763C76500A4F534 /* Release */ = {
			isa = XCBuildConfiguration;
			buildSettings = {
				ALWAYS_SEARCH_USER_PATHS = NO;
				ARCHS = "$(ARCHS_STANDARD_64_BIT)";
				CLANG_CXX_LANGUAGE_STANDARD = "gnu++0x";
				CLANG_CXX_LIBRARY = "libc++";
				CLANG_WARN_CONSTANT_CONVERSION = YES;
				CLANG_WARN_EMPTY_BODY = YES;
				CLANG_WARN_ENUM_CONVERSION = YES;
				CLANG_WARN_INT_CONVERSION = YES;
				CLANG_WARN__DUPLICATE_METHOD_MATCH = YES;
				COPY_PHASE_STRIP = YES;
				DEBUG_INFORMATION_FORMAT = "dwarf-with-dsym";
				GCC_C_LANGUAGE_STANDARD = gnu99;
				GCC_ENABLE_OBJC_EXCEPTIONS = YES;
				GCC_WARN_64_TO_32_BIT_CONVERSION = YES;
				GCC_WARN_ABOUT_RETURN_TYPE = YES;
				GCC_WARN_UNINITIALIZED_AUTOS = YES;
				GCC_WARN_UNUSED_VARIABLE = YES;
				MACOSX_DEPLOYMENT_TARGET = 10.8;
				SDKROOT = macosx;
			};
			name = Release;
		};
		708B56671763C76500A4F534 /* Debug */ = {
			isa = XCBuildConfiguration;
			baseConfigurationReference = 1A0FA667C1CE4DAC8A153557 /* Pods.xcconfig */;
			buildSettings = {
				COMBINE_HIDPI_IMAGES = YES;
				DYLIB_COMPATIBILITY_VERSION = 1;
				DYLIB_CURRENT_VERSION = 1;
				FRAMEWORK_VERSION = A;
				GCC_PRECOMPILE_PREFIX_HEADER = YES;
				GCC_PREFIX_HEADER = "BNFParser/BNFParser-Prefix.pch";
				INFOPLIST_FILE = "BNFParser/BNFParser-Info.plist";
				LIBRARY_SEARCH_PATHS = (
					"$(inherited)",
					"\"$(SRCROOT)/BNFParser\"",
				);
				PRODUCT_NAME = "$(TARGET_NAME)";
				WRAPPER_EXTENSION = framework;
			};
			name = Debug;
		};
		708B56681763C76500A4F534 /* Release */ = {
			isa = XCBuildConfiguration;
			baseConfigurationReference = 1A0FA667C1CE4DAC8A153557 /* Pods.xcconfig */;
			buildSettings = {
				COMBINE_HIDPI_IMAGES = YES;
				DYLIB_COMPATIBILITY_VERSION = 1;
				DYLIB_CURRENT_VERSION = 1;
				FRAMEWORK_VERSION = A;
				GCC_PRECOMPILE_PREFIX_HEADER = YES;
				GCC_PREFIX_HEADER = "BNFParser/BNFParser-Prefix.pch";
				INFOPLIST_FILE = "BNFParser/BNFParser-Info.plist";
				LIBRARY_SEARCH_PATHS = (
					"$(inherited)",
					"\"$(SRCROOT)/BNFParser\"",
				);
				PRODUCT_NAME = "$(TARGET_NAME)";
				WRAPPER_EXTENSION = framework;
			};
			name = Release;
		};
		708B566A1763C76500A4F534 /* Debug */ = {
			isa = XCBuildConfiguration;
			baseConfigurationReference = 1A0FA667C1CE4DAC8A153557 /* Pods.xcconfig */;
			buildSettings = {
				COMBINE_HIDPI_IMAGES = YES;
				FRAMEWORK_SEARCH_PATHS = "\"$(DEVELOPER_LIBRARY_DIR)/Frameworks\"";
				GCC_PRECOMPILE_PREFIX_HEADER = YES;
				GCC_PREFIX_HEADER = "BNFParser/BNFParser-Prefix.pch";
				INFOPLIST_FILE = "BNFParserTests/BNFParserTests-Info.plist";
				LIBRARY_SEARCH_PATHS = (
					"$(inherited)",
					"\"$(SRCROOT)/BNFParser\"",
				);
				PRODUCT_NAME = "$(TARGET_NAME)";
				WRAPPER_EXTENSION = octest;
			};
			name = Debug;
		};
		708B566B1763C76500A4F534 /* Release */ = {
			isa = XCBuildConfiguration;
			baseConfigurationReference = 1A0FA667C1CE4DAC8A153557 /* Pods.xcconfig */;
			buildSettings = {
				COMBINE_HIDPI_IMAGES = YES;
				FRAMEWORK_SEARCH_PATHS = "\"$(DEVELOPER_LIBRARY_DIR)/Frameworks\"";
				GCC_PRECOMPILE_PREFIX_HEADER = YES;
				GCC_PREFIX_HEADER = "BNFParser/BNFParser-Prefix.pch";
				INFOPLIST_FILE = "BNFParserTests/BNFParserTests-Info.plist";
				LIBRARY_SEARCH_PATHS = (
					"$(inherited)",
					"\"$(SRCROOT)/BNFParser\"",
				);
				PRODUCT_NAME = "$(TARGET_NAME)";
				WRAPPER_EXTENSION = octest;
			};
			name = Release;
		};
/* End XCBuildConfiguration section */

/* Begin XCConfigurationList section */
		708B56361763C76500A4F534 /* Build configuration list for PBXProject "BNFParser" */ = {
			isa = XCConfigurationList;
			buildConfigurations = (
				708B56641763C76500A4F534 /* Debug */,
				708B56651763C76500A4F534 /* Release */,
			);
			defaultConfigurationIsVisible = 0;
			defaultConfigurationName = Release;
		};
		708B56661763C76500A4F534 /* Build configuration list for PBXNativeTarget "BNFParser" */ = {
			isa = XCConfigurationList;
			buildConfigurations = (
				708B56671763C76500A4F534 /* Debug */,
				708B56681763C76500A4F534 /* Release */,
			);
			defaultConfigurationIsVisible = 0;
			defaultConfigurationName = Release;
		};
		708B56691763C76500A4F534 /* Build configuration list for PBXNativeTarget "BNFParserTests" */ = {
			isa = XCConfigurationList;
			buildConfigurations = (
				708B566A1763C76500A4F534 /* Debug */,
				708B566B1763C76500A4F534 /* Release */,
			);
			defaultConfigurationIsVisible = 0;
			defaultConfigurationName = Release;
		};
/* End XCConfigurationList section */
	};
	rootObject = 708B56331763C76500A4F534 /* Project object */;
}
